# This file is generated by running "yarn install" inside your project.
# Manual changes might be lost - proceed with caution!

__metadata:
  version: 8
  cacheKey: 10

"@techtrain/cli-railway@npm:0.1.3":
  version: 0.1.3
  resolution: "@techtrain/cli-railway@npm:0.1.3"
  bin:
    techtrain-railway: bin/techtrain-railway
  checksum: 5a9b27b9a19087f5a88902a32ffdc457f6655af5252d7160acc3ca2a9d5e4965a82b549bafa084dadec2f798929e8a5dba098c705e2595f644d01febb443745c
  languageName: node
  linkType: hard

"go-stations@workspace:.":
  version: 0.0.0-use.local
  resolution: "go-stations@workspace:."
  dependencies:
    "@techtrain/cli-railway": "npm:0.1.3"
    simple-git-hooks: "npm:^2.5.1"
  languageName: unknown
  linkType: soft

"simple-git-hooks@npm:^2.5.1":
  version: 2.5.1
  resolution: "simple-git-hooks@npm:2.5.1"
  bin:
    simple-git-hooks: cli.js
  checksum: ba9f78abb9fa0990070901e98568c231460e68cb32716b31417fea388a0f0334c583da9c1b8e507ff358e7975904ec432a7aa94cca49426f3158e3eae70e7d76
  languageName: node
  linkType: hard
